PODS:
  - boost-for-react-native (1.63.0)
  - Branch (1.39.2)
  - BugsnagReactNative (7.11.0):
    - React-Core
  - BVLinearGradient (2.5.6):
    - React
  - Cloudinary (2.10.1):
    - Cloudinary/ios (= 2.10.1)
  - Cloudinary/ios (2.10.1)
  - CocoaAsyncSocket (7.6.5)
  - DoubleConversion (1.1.6)
  - EXConstants (11.0.1):
    - ExpoModulesCore
    - UMCore
  - EXFileSystem (11.1.3):
    - ExpoModulesCore
    - UMCore
  - EXImageLoader (2.2.0):
    - ExpoModulesCore
    - React-Core
    - UMCore
  - ExpoModulesCore (0.2.0):
    - ExpoModulesCore/Core (= 0.2.0)
    - ExpoModulesCore/Interfaces (= 0.2.0)
    - UMCore
  - ExpoModulesCore/Core (0.2.0):
    - UMCore
  - ExpoModulesCore/Interfaces (0.2.0):
    - ExpoModulesCore/Core
    - UMCore
  - FBLazyVector (0.63.2)
  - FBReactNativeSpec (0.63.2):
    - Folly (= 2020.01.13.00)
    - RCTRequired (= 0.63.2)
    - RCTTypeSafety (= 0.63.2)
    - React-Core (= 0.63.2)
    - React-jsi (= 0.63.2)
    - ReactCommon/turbomodule/core (= 0.63.2)
  - FBSDKCoreKit (8.2.0):
    - FBSDKCoreKit/Basics (= 8.2.0)
    - FBSDKCoreKit/Core (= 8.2.0)
  - FBSDKCoreKit/Basics (8.2.0)
  - FBSDKCoreKit/Core (8.2.0):
    - FBSDKCoreKit/Basics
  - FBSDKLoginKit (8.2.0):
    - FBSDKLoginKit/Login (= 8.2.0)
  - FBSDKLoginKit/Login (8.2.0):
    - FBSDKCoreKit (~> 8.2.0)
  - FBSDKShareKit (8.2.0):
    - FBSDKShareKit/Share (= 8.2.0)
  - FBSDKShareKit/Share (8.2.0):
    - FBSDKCoreKit (~> 8.2.0)
  - Firebase/Auth (8.6.0):
    - Firebase/CoreOnly
    - FirebaseAuth (~> 8.6.0)
  - Firebase/CoreOnly (8.6.0):
    - FirebaseCore (= 8.6.0)
  - FirebaseAuth (8.6.0):
    - FirebaseCore (~> 8.0)
    - GoogleUtilities/AppDelegateSwizzler (~> 7.4)
    - GoogleUtilities/Environment (~> 7.4)
    - GTMSessionFetcher/Core (~> 1.5)
  - FirebaseCore (8.6.0):
    - FirebaseCoreDiagnostics (~> 8.0)
    - GoogleUtilities/Environment (~> 7.4)
    - GoogleUtilities/Logger (~> 7.4)
  - FirebaseCoreDiagnostics (8.7.0):
    - GoogleDataTransport (~> 9.0)
    - GoogleUtilities/Environment (~> 7.4)
    - GoogleUtilities/Logger (~> 7.4)
    - nanopb (~> 2.30908.0)
  - Folly (2020.01.13.00):
    - boost-for-react-native
    - DoubleConversion
    - Folly/Default (= 2020.01.13.00)
    - glog
  - Folly/Default (2020.01.13.00):
    - boost-for-react-native
    - DoubleConversion
    - glog
  - glog (0.3.5)
  - GoogleDataTransport (9.1.0):
    - GoogleUtilities/Environment (~> 7.2)
    - nanopb (~> 2.30908.0)
    - PromisesObjC (< 3.0, >= 1.2)
  - GoogleUtilities/AppDelegateSwizzler (7.5.2):
    - GoogleUtilities/Environment
    - GoogleUtilities/Logger
    - GoogleUtilities/Network
  - GoogleUtilities/Environment (7.5.2):
    - PromisesObjC (< 3.0, >= 1.2)
  - GoogleUtilities/Logger (7.5.2):
    - GoogleUtilities/Environment
  - GoogleUtilities/Network (7.5.2):
    - GoogleUtilities/Logger
    - "GoogleUtilities/NSData+zlib"
    - GoogleUtilities/Reachability
  - "GoogleUtilities/NSData+zlib (7.5.2)"
  - GoogleUtilities/Reachability (7.5.2):
    - GoogleUtilities/Logger
  - GTMSessionFetcher/Core (1.7.0)
  - KTVCocoaHTTPServer (1.0.0):
    - CocoaAsyncSocket
  - KTVHTTPCache (2.0.1):
    - KTVCocoaHTTPServer
  - libwebp (1.2.0):
    - libwebp/demux (= 1.2.0)
    - libwebp/mux (= 1.2.0)
    - libwebp/webp (= 1.2.0)
  - libwebp/demux (1.2.0):
    - libwebp/webp
  - libwebp/mux (1.2.0):
    - libwebp/demux
  - libwebp/webp (1.2.0)
  - lottie-ios (3.2.3)
  - lottie-react-native (4.0.3):
    - lottie-ios (~> 3.2.3)
    - React-Core
  - mobile-ffmpeg-https (4.4)
  - nanopb (2.30908.0):
    - nanopb/decode (= 2.30908.0)
    - nanopb/encode (= 2.30908.0)
  - nanopb/decode (2.30908.0)
  - nanopb/encode (2.30908.0)
  - NodeMediaClient (2.9.4)
  - OneSignalXCFramework (3.4.4)
  - Permission-AppTrackingTransparency (3.0.5):
    - RNPermissions
  - Permission-BluetoothPeripheral (3.0.5):
    - RNPermissions
  - Permission-Calendars (3.0.5):
    - RNPermissions
  - Permission-Camera (3.0.5):
    - RNPermissions
  - Permission-Contacts (3.0.5):
    - RNPermissions
  - Permission-FaceID (3.0.5):
    - RNPermissions
  - Permission-LocationAccuracy (3.0.5):
    - RNPermissions
  - Permission-LocationAlways (3.0.5):
    - RNPermissions
  - Permission-LocationWhenInUse (3.0.5):
    - RNPermissions
  - Permission-MediaLibrary (3.0.5):
    - RNPermissions
  - Permission-Microphone (3.0.5):
    - RNPermissions
  - Permission-Motion (3.0.5):
    - RNPermissions
  - Permission-Notifications (3.0.5):
    - RNPermissions
  - Permission-PhotoLibrary (3.0.5):
    - RNPermissions
  - Permission-PhotoLibraryAddOnly (3.0.5):
    - RNPermissions
  - Permission-Reminders (3.0.5):
    - RNPermissions
  - Permission-Siri (3.0.5):
    - RNPermissions
  - Permission-SpeechRecognition (3.0.5):
    - RNPermissions
  - Permission-StoreKit (3.0.5):
    - RNPermissions
  - PromisesObjC (2.0.0)
  - RCTRequired (0.63.2)
  - RCTTypeSafety (0.63.2):
    - FBLazyVector (= 0.63.2)
    - Folly (= 2020.01.13.00)
    - RCTRequired (= 0.63.2)
    - React-Core (= 0.63.2)
  - React (0.63.2):
    - React-Core (= 0.63.2)
    - React-Core/DevSupport (= 0.63.2)
    - React-Core/RCTWebSocket (= 0.63.2)
    - React-RCTActionSheet (= 0.63.2)
    - React-RCTAnimation (= 0.63.2)
    - React-RCTBlob (= 0.63.2)
    - React-RCTImage (= 0.63.2)
    - React-RCTLinking (= 0.63.2)
    - React-RCTNetwork (= 0.63.2)
    - React-RCTSettings (= 0.63.2)
    - React-RCTText (= 0.63.2)
    - React-RCTVibration (= 0.63.2)
  - React-callinvoker (0.63.2)
  - React-Core (0.63.2):
    - Folly (= 2020.01.13.00)
    - glog
    - React-Core/Default (= 0.63.2)
    - React-cxxreact (= 0.63.2)
    - React-jsi (= 0.63.2)
    - React-jsiexecutor (= 0.63.2)
    - Yoga
  - React-Core/CoreModulesHeaders (0.63.2):
    - Folly (= 2020.01.13.00)
    - glog
    - React-Core/Default
    - React-cxxreact (= 0.63.2)
    - React-jsi (= 0.63.2)
    - React-jsiexecutor (= 0.63.2)
    - Yoga
  - React-Core/Default (0.63.2):
    - Folly (= 2020.01.13.00)
    - glog
    - React-cxxreact (= 0.63.2)
    - React-jsi (= 0.63.2)
    - React-jsiexecutor (= 0.63.2)
    - Yoga
  - React-Core/DevSupport (0.63.2):
    - Folly (= 2020.01.13.00)
    - glog
    - React-Core/Default (= 0.63.2)
    - React-Core/RCTWebSocket (= 0.63.2)
    - React-cxxreact (= 0.63.2)
    - React-jsi (= 0.63.2)
    - React-jsiexecutor (= 0.63.2)
    - React-jsinspector (= 0.63.2)
    - Yoga
  - React-Core/RCTActionSheetHeaders (0.63.2):
    - Folly (= 2020.01.13.00)
    - glog
    - React-Core/Default
    - React-cxxreact (= 0.63.2)
    - React-jsi (= 0.63.2)
    - React-jsiexecutor (= 0.63.2)
    - Yoga
  - React-Core/RCTAnimationHeaders (0.63.2):
    - Folly (= 2020.01.13.00)
    - glog
    - React-Core/Default
    - React-cxxreact (= 0.63.2)
    - React-jsi (= 0.63.2)
    - React-jsiexecutor (= 0.63.2)
    - Yoga
  - React-Core/RCTBlobHeaders (0.63.2):
    - Folly (= 2020.01.13.00)
    - glog
    - React-Core/Default
    - React-cxxreact (= 0.63.2)
    - React-jsi (= 0.63.2)
    - React-jsiexecutor (= 0.63.2)
    - Yoga
  - React-Core/RCTImageHeaders (0.63.2):
    - Folly (= 2020.01.13.00)
    - glog
    - React-Core/Default
    - React-cxxreact (= 0.63.2)
    - React-jsi (= 0.63.2)
    - React-jsiexecutor (= 0.63.2)
    - Yoga
  - React-Core/RCTLinkingHeaders (0.63.2):
    - Folly (= 2020.01.13.00)
    - glog
    - React-Core/Default
    - React-cxxreact (= 0.63.2)
    - React-jsi (= 0.63.2)
    - React-jsiexecutor (= 0.63.2)
    - Yoga
  - React-Core/RCTNetworkHeaders (0.63.2):
    - Folly (= 2020.01.13.00)
    - glog
    - React-Core/Default
    - React-cxxreact (= 0.63.2)
    - React-jsi (= 0.63.2)
    - React-jsiexecutor (= 0.63.2)
    - Yoga
  - React-Core/RCTSettingsHeaders (0.63.2):
    - Folly (= 2020.01.13.00)
    - glog
    - React-Core/Default
    - React-cxxreact (= 0.63.2)
    - React-jsi (= 0.63.2)
    - React-jsiexecutor (= 0.63.2)
    - Yoga
  - React-Core/RCTTextHeaders (0.63.2):
    - Folly (= 2020.01.13.00)
    - glog
    - React-Core/Default
    - React-cxxreact (= 0.63.2)
    - React-jsi (= 0.63.2)
    - React-jsiexecutor (= 0.63.2)
    - Yoga
  - React-Core/RCTVibrationHeaders (0.63.2):
    - Folly (= 2020.01.13.00)
    - glog
    - React-Core/Default
    - React-cxxreact (= 0.63.2)
    - React-jsi (= 0.63.2)
    - React-jsiexecutor (= 0.63.2)
    - Yoga
  - React-Core/RCTWebSocket (0.63.2):
    - Folly (= 2020.01.13.00)
    - glog
    - React-Core/Default (= 0.63.2)
    - React-cxxreact (= 0.63.2)
    - React-jsi (= 0.63.2)
    - React-jsiexecutor (= 0.63.2)
    - Yoga
  - React-CoreModules (0.63.2):
    - FBReactNativeSpec (= 0.63.2)
    - Folly (= 2020.01.13.00)
    - RCTTypeSafety (= 0.63.2)
    - React-Core/CoreModulesHeaders (= 0.63.2)
    - React-jsi (= 0.63.2)
    - React-RCTImage (= 0.63.2)
    - ReactCommon/turbomodule/core (= 0.63.2)
  - React-cxxreact (0.63.2):
    - boost-for-react-native (= 1.63.0)
    - DoubleConversion
    - Folly (= 2020.01.13.00)
    - glog
    - React-callinvoker (= 0.63.2)
    - React-jsinspector (= 0.63.2)
  - React-jsi (0.63.2):
    - boost-for-react-native (= 1.63.0)
    - DoubleConversion
    - Folly (= 2020.01.13.00)
    - glog
    - React-jsi/Default (= 0.63.2)
  - React-jsi/Default (0.63.2):
    - boost-for-react-native (= 1.63.0)
    - DoubleConversion
    - Folly (= 2020.01.13.00)
    - glog
  - React-jsiexecutor (0.63.2):
    - DoubleConversion
    - Folly (= 2020.01.13.00)
    - glog
    - React-cxxreact (= 0.63.2)
    - React-jsi (= 0.63.2)
  - React-jsinspector (0.63.2)
  - react-native-branch (5.0.2):
    - Branch (= 1.39.2)
    - React
  - react-native-camera (3.43.6):
    - React-Core
    - react-native-camera/RCT (= 3.43.6)
    - react-native-camera/RN (= 3.43.6)
  - react-native-camera/RCT (3.43.6):
    - React-Core
  - react-native-camera/RN (3.43.6):
    - React-Core
  - react-native-cameraroll (4.0.4):
    - React-Core
  - react-native-create-thumbnail (1.4.1):
    - React
  - react-native-date-picker (3.2.10):
    - React-Core
  - react-native-document-picker (3.5.4):
    - React
  - react-native-fbsdk (3.0.0):
    - React
    - react-native-fbsdk/Core (= 3.0.0)
    - react-native-fbsdk/Login (= 3.0.0)
    - react-native-fbsdk/Share (= 3.0.0)
  - react-native-fbsdk/Core (3.0.0):
    - FBSDKCoreKit (~> 8.1)
    - React
  - react-native-fbsdk/Login (3.0.0):
    - FBSDKLoginKit (~> 8.1)
    - React
  - react-native-fbsdk/Share (3.0.0):
    - FBSDKShareKit (~> 8.1)
    - React
  - react-native-ffmpeg (0.5.1):
    - React
    - react-native-ffmpeg/https (= 0.5.1)
  - react-native-ffmpeg/https (0.5.1):
    - mobile-ffmpeg-https (= 4.4)
    - React
  - react-native-geolocation (2.0.2):
    - React
  - react-native-image-picker (3.3.2):
    - React-Core
  - react-native-keep-awake (4.0.0):
    - React
  - react-native-nodemediaclient (0.2.15):
    - NodeMediaClient (= 2.9.4)
    - React
    - react-native-nodemediaclient/RCTNodeMediaClient (= 0.2.15)
  - react-native-nodemediaclient/RCTNodeMediaClient (0.2.15):
    - NodeMediaClient (= 2.9.4)
    - React
  - react-native-onesignal (4.1.1):
    - OneSignalXCFramework (= 3.4.4)
    - React (< 1.0.0, >= 0.13.0)
  - react-native-safe-area-context (3.2.0):
    - React-Core
  - react-native-simple-toast (1.1.3):
    - React-Core
    - Toast (~> 4.0.0)
  - react-native-slider (3.0.3):
    - React
  - react-native-splash-screen (3.2.0):
    - React
  - react-native-video (5.1.1):
    - React-Core
    - react-native-video/Video (= 5.1.1)
  - react-native-video-cache (2.0.5):
    - KTVHTTPCache (~> 2.0.0)
    - React
  - react-native-video/Video (5.1.1):
    - React-Core
  - react-native-viewpager (4.2.4):
    - React-Core
  - React-RCTActionSheet (0.63.2):
    - React-Core/RCTActionSheetHeaders (= 0.63.2)
  - React-RCTAnimation (0.63.2):
    - FBReactNativeSpec (= 0.63.2)
    - Folly (= 2020.01.13.00)
    - RCTTypeSafety (= 0.63.2)
    - React-Core/RCTAnimationHeaders (= 0.63.2)
    - React-jsi (= 0.63.2)
    - ReactCommon/turbomodule/core (= 0.63.2)
  - React-RCTBlob (0.63.2):
    - FBReactNativeSpec (= 0.63.2)
    - Folly (= 2020.01.13.00)
    - React-Core/RCTBlobHeaders (= 0.63.2)
    - React-Core/RCTWebSocket (= 0.63.2)
    - React-jsi (= 0.63.2)
    - React-RCTNetwork (= 0.63.2)
    - ReactCommon/turbomodule/core (= 0.63.2)
  - React-RCTImage (0.63.2):
    - FBReactNativeSpec (= 0.63.2)
    - Folly (= 2020.01.13.00)
    - RCTTypeSafety (= 0.63.2)
    - React-Core/RCTImageHeaders (= 0.63.2)
    - React-jsi (= 0.63.2)
    - React-RCTNetwork (= 0.63.2)
    - ReactCommon/turbomodule/core (= 0.63.2)
  - React-RCTLinking (0.63.2):
    - FBReactNativeSpec (= 0.63.2)
    - React-Core/RCTLinkingHeaders (= 0.63.2)
    - React-jsi (= 0.63.2)
    - ReactCommon/turbomodule/core (= 0.63.2)
  - React-RCTNetwork (0.63.2):
    - FBReactNativeSpec (= 0.63.2)
    - Folly (= 2020.01.13.00)
    - RCTTypeSafety (= 0.63.2)
    - React-Core/RCTNetworkHeaders (= 0.63.2)
    - React-jsi (= 0.63.2)
    - ReactCommon/turbomodule/core (= 0.63.2)
  - React-RCTSettings (0.63.2):
    - FBReactNativeSpec (= 0.63.2)
    - Folly (= 2020.01.13.00)
    - RCTTypeSafety (= 0.63.2)
    - React-Core/RCTSettingsHeaders (= 0.63.2)
    - React-jsi (= 0.63.2)
    - ReactCommon/turbomodule/core (= 0.63.2)
  - React-RCTText (0.63.2):
    - React-Core/RCTTextHeaders (= 0.63.2)
  - React-RCTVibration (0.63.2):
    - FBReactNativeSpec (= 0.63.2)
    - Folly (= 2020.01.13.00)
    - React-Core/RCTVibrationHeaders (= 0.63.2)
    - React-jsi (= 0.63.2)
    - ReactCommon/turbomodule/core (= 0.63.2)
  - ReactCommon/turbomodule/core (0.63.2):
    - DoubleConversion
    - Folly (= 2020.01.13.00)
    - glog
    - React-callinvoker (= 0.63.2)
    - React-Core (= 0.63.2)
    - React-cxxreact (= 0.63.2)
    - React-jsi (= 0.63.2)
  - rn-fetch-blob (0.12.0):
    - React-Core
  - RNCAsyncStorage (1.12.1):
    - React-Core
  - RNCMaskedView (0.1.10):
    - React
  - RNCPicker (1.8.1):
    - React-Core
  - RNDateTimePicker (3.4.6):
    - React-Core
  - RNDeviceInfo (7.4.0):
    - React-Core
  - RNFastImage (8.3.7):
    - React-Core
    - SDWebImage (~> 5.8)
    - SDWebImageWebPCoder (~> 0.6.1)
  - RNFBApp (12.7.5):
    - Firebase/CoreOnly (= 8.6.0)
    - React-Core
  - RNFBAuth (12.7.5):
    - Firebase/Auth (= 8.6.0)
    - React-Core
    - RNFBApp
  - RNFS (2.17.0):
    - React
  - RNGestureHandler (1.10.3):
    - React-Core
  - RNPermissions (3.0.5):
    - React-Core
  - RNReanimated (1.13.3):
    - React-Core
  - RNScreens (2.18.1):
    - React-Core
  - RNShare (4.1.2):
    - React-Core
  - RNSound (0.11.0):
    - React
    - RNSound/Core (= 0.11.0)
  - RNSound/Core (0.11.0):
    - React
  - RNStaticSafeAreaInsets (2.1.1):
    - React
  - RNSVG (12.1.1):
    - React
  - RNVectorIcons (7.1.0):
    - React
  - SDWebImage (5.11.1):
    - SDWebImage/Core (= 5.11.1)
  - SDWebImage/Core (5.11.1)
  - SDWebImageWebPCoder (0.6.1):
    - libwebp (~> 1.0)
    - SDWebImage/Core (~> 5.7)
  - Toast (4.0.0)
  - UMAppLoader (2.2.0)
  - UMCore (7.1.1)
  - UMReactNativeAdapter (6.3.5):
    - ExpoModulesCore
    - React-Core
    - UMCore
  - UMTaskManagerInterface (6.2.0):
    - UMCore
  - Yoga (1.14.0)

DEPENDENCIES:
  - "BugsnagReactNative (from `../node_modules/@bugsnag/react-native`)"
  - BVLinearGradient (from `../node_modules/react-native-linear-gradient`)
  - Cloudinary (~> 2.0)
  - DoubleConversion (from `../node_modules/react-native/third-party-podspecs/DoubleConversion.podspec`)
  - EXConstants (from `../node_modules/expo-constants/ios`)
  - EXFileSystem (from `../node_modules/expo-file-system/ios`)
  - EXImageLoader (from `../node_modules/expo-image-loader/ios`)
  - ExpoModulesCore (from `../node_modules/expo-modules-core/ios`)
  - FBLazyVector (from `../node_modules/react-native/Libraries/FBLazyVector`)
  - FBReactNativeSpec (from `../node_modules/react-native/Libraries/FBReactNativeSpec`)
  - Folly (from `../node_modules/react-native/third-party-podspecs/Folly.podspec`)
  - glog (from `../node_modules/react-native/third-party-podspecs/glog.podspec`)
  - lottie-ios (from `../node_modules/lottie-ios`)
  - lottie-react-native (from `../node_modules/lottie-react-native`)
  - Permission-AppTrackingTransparency (from `../node_modules/react-native-permissions/ios/AppTrackingTransparency`)
  - Permission-BluetoothPeripheral (from `../node_modules/react-native-permissions/ios/BluetoothPeripheral`)
  - Permission-Calendars (from `../node_modules/react-native-permissions/ios/Calendars`)
  - Permission-Camera (from `../node_modules/react-native-permissions/ios/Camera`)
  - Permission-Contacts (from `../node_modules/react-native-permissions/ios/Contacts`)
  - Permission-FaceID (from `../node_modules/react-native-permissions/ios/FaceID`)
  - Permission-LocationAccuracy (from `../node_modules/react-native-permissions/ios/LocationAccuracy`)
  - Permission-LocationAlways (from `../node_modules/react-native-permissions/ios/LocationAlways`)
  - Permission-LocationWhenInUse (from `../node_modules/react-native-permissions/ios/LocationWhenInUse`)
  - Permission-MediaLibrary (from `../node_modules/react-native-permissions/ios/MediaLibrary`)
  - Permission-Microphone (from `../node_modules/react-native-permissions/ios/Microphone`)
  - Permission-Motion (from `../node_modules/react-native-permissions/ios/Motion`)
  - Permission-Notifications (from `../node_modules/react-native-permissions/ios/Notifications`)
  - Permission-PhotoLibrary (from `../node_modules/react-native-permissions/ios/PhotoLibrary`)
  - Permission-PhotoLibraryAddOnly (from `../node_modules/react-native-permissions/ios/PhotoLibraryAddOnly`)
  - Permission-Reminders (from `../node_modules/react-native-permissions/ios/Reminders`)
  - Permission-Siri (from `../node_modules/react-native-permissions/ios/Siri`)
  - Permission-SpeechRecognition (from `../node_modules/react-native-permissions/ios/SpeechRecognition`)
  - Permission-StoreKit (from `../node_modules/react-native-permissions/ios/StoreKit`)
  - RCTRequired (from `../node_modules/react-native/Libraries/RCTRequired`)
  - RCTTypeSafety (from `../node_modules/react-native/Libraries/TypeSafety`)
  - React (from `../node_modules/react-native/`)
  - React-callinvoker (from `../node_modules/react-native/ReactCommon/callinvoker`)
  - React-Core (from `../node_modules/react-native/`)
  - React-Core/DevSupport (from `../node_modules/react-native/`)
  - React-Core/RCTWebSocket (from `../node_modules/react-native/`)
  - React-CoreModules (from `../node_modules/react-native/React/CoreModules`)
  - React-cxxreact (from `../node_modules/react-native/ReactCommon/cxxreact`)
  - React-jsi (from `../node_modules/react-native/ReactCommon/jsi`)
  - React-jsiexecutor (from `../node_modules/react-native/ReactCommon/jsiexecutor`)
  - React-jsinspector (from `../node_modules/react-native/ReactCommon/jsinspector`)
  - react-native-branch (from `../node_modules/react-native-branch`)
  - react-native-camera (from `../node_modules/react-native-camera`)
  - "react-native-cameraroll (from `../node_modules/@react-native-community/cameraroll`)"
  - react-native-create-thumbnail (from `../node_modules/react-native-create-thumbnail`)
  - react-native-date-picker (from `../node_modules/react-native-date-picker`)
  - react-native-document-picker (from `../node_modules/react-native-document-picker`)
  - react-native-fbsdk (from `../node_modules/react-native-fbsdk`)
  - react-native-ffmpeg (from `../node_modules/react-native-ffmpeg`)
  - "react-native-geolocation (from `../node_modules/@react-native-community/geolocation`)"
  - react-native-image-picker (from `../node_modules/react-native-image-picker`)
  - react-native-keep-awake (from `../node_modules/react-native-keep-awake`)
  - react-native-nodemediaclient (from `../node_modules/react-native-nodemediaclient`)
  - react-native-onesignal (from `../node_modules/react-native-onesignal`)
  - react-native-safe-area-context (from `../node_modules/react-native-safe-area-context`)
  - react-native-simple-toast (from `../node_modules/react-native-simple-toast`)
  - "react-native-slider (from `../node_modules/@react-native-community/slider`)"
  - react-native-splash-screen (from `../node_modules/react-native-splash-screen`)
  - react-native-video (from `../node_modules/react-native-video`)
  - react-native-video-cache (from `../node_modules/react-native-video-cache`)
  - "react-native-viewpager (from `../node_modules/@react-native-community/viewpager`)"
  - React-RCTActionSheet (from `../node_modules/react-native/Libraries/ActionSheetIOS`)
  - React-RCTAnimation (from `../node_modules/react-native/Libraries/NativeAnimation`)
  - React-RCTBlob (from `../node_modules/react-native/Libraries/Blob`)
  - React-RCTImage (from `../node_modules/react-native/Libraries/Image`)
  - React-RCTLinking (from `../node_modules/react-native/Libraries/LinkingIOS`)
  - React-RCTNetwork (from `../node_modules/react-native/Libraries/Network`)
  - React-RCTSettings (from `../node_modules/react-native/Libraries/Settings`)
  - React-RCTText (from `../node_modules/react-native/Libraries/Text`)
  - React-RCTVibration (from `../node_modules/react-native/Libraries/Vibration`)
  - ReactCommon/turbomodule/core (from `../node_modules/react-native/ReactCommon`)
  - rn-fetch-blob (from `../node_modules/rn-fetch-blob`)
  - "RNCAsyncStorage (from `../node_modules/@react-native-community/async-storage`)"
  - "RNCMaskedView (from `../node_modules/@react-native-community/masked-view`)"
  - "RNCPicker (from `../node_modules/@react-native-community/picker`)"
  - "RNDateTimePicker (from `../node_modules/@react-native-community/datetimepicker`)"
  - RNDeviceInfo (from `../node_modules/react-native-device-info`)
  - RNFastImage (from `../node_modules/react-native-fast-image`)
  - "RNFBApp (from `../node_modules/@react-native-firebase/app`)"
  - "RNFBAuth (from `../node_modules/@react-native-firebase/auth`)"
  - RNFS (from `../node_modules/react-native-fs`)
  - RNGestureHandler (from `../node_modules/react-native-gesture-handler`)
  - RNPermissions (from `../node_modules/react-native-permissions`)
  - RNReanimated (from `../node_modules/react-native-reanimated`)
  - RNScreens (from `../node_modules/react-native-screens`)
  - RNShare (from `../node_modules/react-native-share`)
  - RNSound (from `../node_modules/react-native-sound`)
  - RNStaticSafeAreaInsets (from `../node_modules/react-native-static-safe-area-insets`)
  - RNSVG (from `../node_modules/react-native-svg`)
  - RNVectorIcons (from `../node_modules/react-native-vector-icons`)
  - UMAppLoader (from `../node_modules/unimodules-app-loader/ios`)
  - "UMCore (from `../node_modules/@unimodules/core/ios`)"
  - "UMReactNativeAdapter (from `../node_modules/@unimodules/react-native-adapter/ios`)"
  - UMTaskManagerInterface (from `../node_modules/unimodules-task-manager-interface/ios`)
  - Yoga (from `../node_modules/react-native/ReactCommon/yoga`)

SPEC REPOS:
  trunk:
    - boost-for-react-native
    - Branch
    - Cloudinary
    - CocoaAsyncSocket
    - FBSDKCoreKit
    - FBSDKLoginKit
    - FBSDKShareKit
    - Firebase
    - FirebaseAuth
    - FirebaseCore
    - FirebaseCoreDiagnostics
    - GoogleDataTransport
    - GoogleUtilities
    - GTMSessionFetcher
    - KTVCocoaHTTPServer
    - KTVHTTPCache
    - libwebp
    - mobile-ffmpeg-https
    - nanopb
    - NodeMediaClient
    - OneSignalXCFramework
    - PromisesObjC
    - SDWebImage
    - SDWebImageWebPCoder
    - Toast

EXTERNAL SOURCES:
  BugsnagReactNative:
    :path: "../node_modules/@bugsnag/react-native"
  BVLinearGradient:
    :path: "../node_modules/react-native-linear-gradient"
  DoubleConversion:
    :podspec: "../node_modules/react-native/third-party-podspecs/DoubleConversion.podspec"
  EXConstants:
    :path: "../node_modules/expo-constants/ios"
  EXFileSystem:
    :path: "../node_modules/expo-file-system/ios"
  EXImageLoader:
    :path: "../node_modules/expo-image-loader/ios"
  ExpoModulesCore:
    :path: "../node_modules/expo-modules-core/ios"
  FBLazyVector:
    :path: "../node_modules/react-native/Libraries/FBLazyVector"
  FBReactNativeSpec:
    :path: "../node_modules/react-native/Libraries/FBReactNativeSpec"
  Folly:
    :podspec: "../node_modules/react-native/third-party-podspecs/Folly.podspec"
  glog:
    :podspec: "../node_modules/react-native/third-party-podspecs/glog.podspec"
  lottie-ios:
    :path: "../node_modules/lottie-ios"
  lottie-react-native:
    :path: "../node_modules/lottie-react-native"
  Permission-AppTrackingTransparency:
    :path: "../node_modules/react-native-permissions/ios/AppTrackingTransparency"
  Permission-BluetoothPeripheral:
    :path: "../node_modules/react-native-permissions/ios/BluetoothPeripheral"
  Permission-Calendars:
    :path: "../node_modules/react-native-permissions/ios/Calendars"
  Permission-Camera:
    :path: "../node_modules/react-native-permissions/ios/Camera"
  Permission-Contacts:
    :path: "../node_modules/react-native-permissions/ios/Contacts"
  Permission-FaceID:
    :path: "../node_modules/react-native-permissions/ios/FaceID"
  Permission-LocationAccuracy:
    :path: "../node_modules/react-native-permissions/ios/LocationAccuracy"
  Permission-LocationAlways:
    :path: "../node_modules/react-native-permissions/ios/LocationAlways"
  Permission-LocationWhenInUse:
    :path: "../node_modules/react-native-permissions/ios/LocationWhenInUse"
  Permission-MediaLibrary:
    :path: "../node_modules/react-native-permissions/ios/MediaLibrary"
  Permission-Microphone:
    :path: "../node_modules/react-native-permissions/ios/Microphone"
  Permission-Motion:
    :path: "../node_modules/react-native-permissions/ios/Motion"
  Permission-Notifications:
    :path: "../node_modules/react-native-permissions/ios/Notifications"
  Permission-PhotoLibrary:
    :path: "../node_modules/react-native-permissions/ios/PhotoLibrary"
  Permission-PhotoLibraryAddOnly:
    :path: "../node_modules/react-native-permissions/ios/PhotoLibraryAddOnly"
  Permission-Reminders:
    :path: "../node_modules/react-native-permissions/ios/Reminders"
  Permission-Siri:
    :path: "../node_modules/react-native-permissions/ios/Siri"
  Permission-SpeechRecognition:
    :path: "../node_modules/react-native-permissions/ios/SpeechRecognition"
  Permission-StoreKit:
    :path: "../node_modules/react-native-permissions/ios/StoreKit"
  RCTRequired:
    :path: "../node_modules/react-native/Libraries/RCTRequired"
  RCTTypeSafety:
    :path: "../node_modules/react-native/Libraries/TypeSafety"
  React:
    :path: "../node_modules/react-native/"
  React-callinvoker:
    :path: "../node_modules/react-native/ReactCommon/callinvoker"
  React-Core:
    :path: "../node_modules/react-native/"
  React-CoreModules:
    :path: "../node_modules/react-native/React/CoreModules"
  React-cxxreact:
    :path: "../node_modules/react-native/ReactCommon/cxxreact"
  React-jsi:
    :path: "../node_modules/react-native/ReactCommon/jsi"
  React-jsiexecutor:
    :path: "../node_modules/react-native/ReactCommon/jsiexecutor"
  React-jsinspector:
    :path: "../node_modules/react-native/ReactCommon/jsinspector"
  react-native-branch:
    :path: "../node_modules/react-native-branch"
  react-native-camera:
    :path: "../node_modules/react-native-camera"
  react-native-cameraroll:
    :path: "../node_modules/@react-native-community/cameraroll"
  react-native-create-thumbnail:
    :path: "../node_modules/react-native-create-thumbnail"
  react-native-date-picker:
    :path: "../node_modules/react-native-date-picker"
  react-native-document-picker:
    :path: "../node_modules/react-native-document-picker"
  react-native-fbsdk:
    :path: "../node_modules/react-native-fbsdk"
  react-native-ffmpeg:
    :path: "../node_modules/react-native-ffmpeg"
  react-native-geolocation:
    :path: "../node_modules/@react-native-community/geolocation"
  react-native-image-picker:
    :path: "../node_modules/react-native-image-picker"
  react-native-keep-awake:
    :path: "../node_modules/react-native-keep-awake"
  react-native-nodemediaclient:
    :path: "../node_modules/react-native-nodemediaclient"
  react-native-onesignal:
    :path: "../node_modules/react-native-onesignal"
  react-native-safe-area-context:
    :path: "../node_modules/react-native-safe-area-context"
  react-native-simple-toast:
    :path: "../node_modules/react-native-simple-toast"
  react-native-slider:
    :path: "../node_modules/@react-native-community/slider"
  react-native-splash-screen:
    :path: "../node_modules/react-native-splash-screen"
  react-native-video:
    :path: "../node_modules/react-native-video"
  react-native-video-cache:
    :path: "../node_modules/react-native-video-cache"
  react-native-viewpager:
    :path: "../node_modules/@react-native-community/viewpager"
  React-RCTActionSheet:
    :path: "../node_modules/react-native/Libraries/ActionSheetIOS"
  React-RCTAnimation:
    :path: "../node_modules/react-native/Libraries/NativeAnimation"
  React-RCTBlob:
    :path: "../node_modules/react-native/Libraries/Blob"
  React-RCTImage:
    :path: "../node_modules/react-native/Libraries/Image"
  React-RCTLinking:
    :path: "../node_modules/react-native/Libraries/LinkingIOS"
  React-RCTNetwork:
    :path: "../node_modules/react-native/Libraries/Network"
  React-RCTSettings:
    :path: "../node_modules/react-native/Libraries/Settings"
  React-RCTText:
    :path: "../node_modules/react-native/Libraries/Text"
  React-RCTVibration:
    :path: "../node_modules/react-native/Libraries/Vibration"
  ReactCommon:
    :path: "../node_modules/react-native/ReactCommon"
  rn-fetch-blob:
    :path: "../node_modules/rn-fetch-blob"
  RNCAsyncStorage:
    :path: "../node_modules/@react-native-community/async-storage"
  RNCMaskedView:
    :path: "../node_modules/@react-native-community/masked-view"
  RNCPicker:
    :path: "../node_modules/@react-native-community/picker"
  RNDateTimePicker:
    :path: "../node_modules/@react-native-community/datetimepicker"
  RNDeviceInfo:
    :path: "../node_modules/react-native-device-info"
  RNFastImage:
    :path: "../node_modules/react-native-fast-image"
  RNFBApp:
    :path: "../node_modules/@react-native-firebase/app"
  RNFBAuth:
    :path: "../node_modules/@react-native-firebase/auth"
  RNFS:
    :path: "../node_modules/react-native-fs"
  RNGestureHandler:
    :path: "../node_modules/react-native-gesture-handler"
  RNPermissions:
    :path: "../node_modules/react-native-permissions"
  RNReanimated:
    :path: "../node_modules/react-native-reanimated"
  RNScreens:
    :path: "../node_modules/react-native-screens"
  RNShare:
    :path: "../node_modules/react-native-share"
  RNSound:
    :path: "../node_modules/react-native-sound"
  RNStaticSafeAreaInsets:
    :path: "../node_modules/react-native-static-safe-area-insets"
  RNSVG:
    :path: "../node_modules/react-native-svg"
  RNVectorIcons:
    :path: "../node_modules/react-native-vector-icons"
  UMAppLoader:
    :path: "../node_modules/unimodules-app-loader/ios"
  UMCore:
    :path: "../node_modules/@unimodules/core/ios"
  UMReactNativeAdapter:
    :path: "../node_modules/@unimodules/react-native-adapter/ios"
  UMTaskManagerInterface:
    :path: "../node_modules/unimodules-task-manager-interface/ios"
  Yoga:
    :path: "../node_modules/react-native/ReactCommon/yoga"

SPEC CHECKSUMS:
  boost-for-react-native: 39c7adb57c4e60d6c5479dd8623128eb5b3f0f2c
  Branch: 6a281514287f99d707615ac62c2cca69e0213df0
  BugsnagReactNative: a96bc039e0e4ec317a8b331714393d836ca60557
  BVLinearGradient: e3aad03778a456d77928f594a649e96995f1c872
  Cloudinary: 064f057fe9b7d6268ed74de5590920e21de6db0d
  CocoaAsyncSocket: 065fd1e645c7abab64f7a6a2007a48038fdc6a99
  DoubleConversion: cde416483dac037923206447da6e1454df403714
  EXConstants: 3babb61f8f4bb7dffe85b8b7d6eaa31d903e4d7e
  EXFileSystem: 0a04aba8da751b9ac954065911bcf166503f8267
  EXImageLoader: d3531a3fe530b22925c19977cb53bb43e3821fe6
  ExpoModulesCore: 2734852616127a6c1fc23012197890a6f3763dc7
  FBLazyVector: 3ef4a7f62e7db01092f9d517d2ebc0d0677c4a37
  FBReactNativeSpec: dc7fa9088f0f2a998503a352b0554d69a4391c5a
  FBSDKCoreKit: 4afd6ff53d8133a433dbcda44451c9498f8c6ce4
  FBSDKLoginKit: 7181765f2524d7ebf82d9629066c8e6caafc99d0
  FBSDKShareKit: 0c0d51b3af47075a85ed9bea0e28b2fc70e3594b
  Firebase: 21ac9f28b09a8bdfc005f34c984fca84e7e8786d
  FirebaseAuth: 223adeeb2262b417532e89bf06a960e3a0a1e9e4
  FirebaseCore: 620b677f70f5470a8e59cb77f3ddc666f6f09785
  FirebaseCoreDiagnostics: b63732f581a1c6a453ec7241f9ab60b3a5bd3450
  Folly: b73c3869541e86821df3c387eb0af5f65addfab4
  glog: 40a13f7840415b9a77023fbcae0f1e6f43192af3
  GoogleDataTransport: 85fd18ff3019bb85d3f2c551d04c481dedf71fc9
  GoogleUtilities: 8de2a97a17e15b6b98e38e8770e2d129a57c0040
  GTMSessionFetcher: 43748f93435c2aa068b1cbe39655aaf600652e91
  KTVCocoaHTTPServer: df8d7b861e603ff8037e9b2138aca2563a6b768d
  KTVHTTPCache: 588c3eb16f6bd1e6fde1e230dabfb7bd4e490a4d
  libwebp: e90b9c01d99205d03b6bb8f2c8c415e5a4ef66f0
  lottie-ios: c058aeafa76daa4cf64d773554bccc8385d0150e
  lottie-react-native: 96361a9891cf651534ea35c4f85f33d4cf14ed13
  mobile-ffmpeg-https: 311fc4a8f671cf36d1d6b8f421e8246b790978d9
  nanopb: a0ba3315591a9ae0a16a309ee504766e90db0c96
  NodeMediaClient: 588fe0f1e023a60c61a9d9ce6e602eb5806f8308
  OneSignalXCFramework: eaf286b7438aa1f030f03e5fa9f1c79ede5d8f04
  Permission-AppTrackingTransparency: ed3a54759541929d0a81a75b04a3559af5b2a738
  Permission-BluetoothPeripheral: deb3e2052364da825f8516d200c40f066b5ff421
  Permission-Calendars: 7524e233f7cec0c95b7e40f8cf017383183e9289
  Permission-Camera: ac603073e4128e51e6ca3c39129778f05b4082fa
  Permission-Contacts: 4bd4bdbbcec21ce0175e02cc4925070a773204cf
  Permission-FaceID: 9b1f0d42ee7aa2c830844964e739676fe6b634bd
  Permission-LocationAccuracy: c008fa8c4a90fcb6e33f465c2a8684e92d93b794
  Permission-LocationAlways: 0704c3bcce11f98f8d6ddf34c49c65893ec64b09
  Permission-LocationWhenInUse: e1168a583654f1d2d34d3a18c4c6518ce409ad2a
  Permission-MediaLibrary: ca07553882f0533f67739cdea7486c369b6556f0
  Permission-Microphone: f795f37089f6de4c71ae147b32770a5ebfdee08c
  Permission-Motion: ea8c247adbe0aaf0d82027014d6d67b629000512
  Permission-Notifications: 16ccd862111103378a7bab9fb1c5c71addffc348
  Permission-PhotoLibrary: 0748c1a490fad126dfe36dbea8234dedfe59cc27
  Permission-PhotoLibraryAddOnly: 224d33cea3c2f1f8982a2a4e343c0726fba3acf9
  Permission-Reminders: 26a287d1ac29db33c237af7dfbc2f3e786a58896
  Permission-Siri: 01083b1ef6964b961e74e6693a727f1c37a42272
  Permission-SpeechRecognition: fb67f19ecfd3de245833d2c1fc0ba00278f90cac
  Permission-StoreKit: cf0ca74fec91ecf132cfb92257e06371160cb464
  PromisesObjC: 68159ce6952d93e17b2dfe273b8c40907db5ba58
  RCTRequired: f13f25e7b12f925f1f6a6a8c69d929a03c0129fe
  RCTTypeSafety: 44982c5c8e43ff4141eb519a8ddc88059acd1f3a
  React: e1c65dd41cb9db13b99f24608e47dd595f28ca9a
  React-callinvoker: 552a6a6bc8b3bb794cf108ad59e5a9e2e3b4fc98
  React-Core: 9d341e725dc9cd2f49e4c49ad1fc4e8776aa2639
  React-CoreModules: 5335e168165da7f7083ce7147768d36d3e292318
  React-cxxreact: d3261ec5f7d11743fbf21e263a34ea51d1f13ebc
  React-jsi: 54245e1d5f4b690dec614a73a3795964eeef13a8
  React-jsiexecutor: 8ca588cc921e70590820ce72b8789b02c67cce38
  React-jsinspector: b14e62ebe7a66e9231e9581279909f2fc3db6606
  react-native-branch: da671ea72da28c7e012114d298d55a36ad7b0e35
  react-native-camera: 9e55a09596b8c4e41eb7d4cce7c39826990c3cac
  react-native-cameraroll: 88f4e62d9ecd0e1f253abe4f685474f2ea14bfa2
  react-native-create-thumbnail: d31c84dd69fb4d60aec0ff2f49bc0de41ede7b2c
  react-native-date-picker: 242eec7af56cea5fb2706d5db5d3837060b3884b
  react-native-document-picker: 4921045c5c6c78243010f784eae0a3f4b2af7799
  react-native-fbsdk: 8e92c7a334fd8d9c2b5d8b8fcd7ae2c314161099
  react-native-ffmpeg: 9fbe53d5afd6f35978804756f58238cf9340d1d8
  react-native-geolocation: c956aeb136625c23e0dce0467664af2c437888c9
  react-native-image-picker: b42940647478bf106ad3c491d6f5d9d40916d865
  react-native-keep-awake: afad8a51dfef9fe9655a6344771be32c8596d774
  react-native-nodemediaclient: 6edfb967a99ae8229c96f02316a3ab91b50267ec
  react-native-onesignal: 2a7c3a5f2aa1c599d94cda6cc583205e1548828d
  react-native-safe-area-context: f0906bf8bc9835ac9a9d3f97e8bde2a997d8da79
  react-native-simple-toast: bf002828cf816775a6809f7a9ec3907509bce11f
  react-native-slider: e99fc201cefe81270fc9d81714a7a0f5e566b168
  react-native-splash-screen: 200d11d188e2e78cea3ad319964f6142b6384865
  react-native-video: 0bb76b6d6b77da3009611586c7dbf817b947f30e
  react-native-video-cache: 0f8b1b2195f234eabd507cfebdd91c2e82695008
  react-native-viewpager: 32259f9d01874abdf42b25cf81a1d78d1aa55582
  React-RCTActionSheet: 910163b6b09685a35c4ebbc52b66d1bfbbe39fc5
  React-RCTAnimation: 9a883bbe1e9d2e158d4fb53765ed64c8dc2200c6
  React-RCTBlob: 39cf0ece1927996c4466510e25d2105f67010e13
  React-RCTImage: de355d738727b09ad3692f2a979affbd54b5f378
  React-RCTLinking: 8122f221d395a63364b2c0078ce284214bd04575
  React-RCTNetwork: 8f96c7b49ea6a0f28f98258f347b6ad218bc0830
  React-RCTSettings: 8a49622aff9c1925f5455fa340b6fe4853d64ab6
  React-RCTText: 1b6773e776e4b33f90468c20fe3b16ca3e224bb8
  React-RCTVibration: 4d2e726957f4087449739b595f107c0d4b6c2d2d
  ReactCommon: a0a1edbebcac5e91338371b72ffc66aa822792ce
  rn-fetch-blob: f065bb7ab7fb48dd002629f8bdcb0336602d3cba
  RNCAsyncStorage: b03032fdbdb725bea0bd9e5ec5a7272865ae7398
  RNCMaskedView: 5a8ec07677aa885546a0d98da336457e2bea557f
  RNCPicker: 914b557e20b3b8317b084aca9ff4b4edb95f61e4
  RNDateTimePicker: 47e934943a8cc6e6faab372cfd5f8ccd8c1ab338
  RNDeviceInfo: 9538a884f862fe4aa0d7cead9f34e292d41ba8f6
  RNFastImage: a7384db75df352500261e8e8f1ac2026def26102
  RNFBApp: 46a6918f6b1bbb0b332fafb07ef1362bd96ca857
  RNFBAuth: a63fc58edf68af3e36eea2f02cadc733226b4c61
  RNFS: 93d5b5535eb39d98e6b19009faa8fe717f7ea45d
  RNGestureHandler: a479ebd5ed4221a810967000735517df0d2db211
  RNPermissions: 7043bacbf928eae25808275cfe73799b8f618911
  RNReanimated: 514a11da3a2bcc6c3dfd9de32b38e2b9bf101926
  RNScreens: f7ad633b2e0190b77b6a7aab7f914fad6f198d8d
  RNShare: d22507fa5e80c72f236b5622556cf831de5b1e93
  RNSound: da030221e6ac7e8290c6b43f2b5f2133a8e225b0
  RNStaticSafeAreaInsets: 6103cf09647fa427186d30f67b0f5163c1ae8252
  RNSVG: 551acb6562324b1d52a4e0758f7ca0ec234e278f
  RNVectorIcons: bc69e6a278b14842063605de32bec61f0b251a59
  SDWebImage: a7f831e1a65eb5e285e3fb046a23fcfbf08e696d
  SDWebImageWebPCoder: d0dac55073088d24b2ac1b191a71a8f8d0adac21
  Toast: 91b396c56ee72a5790816f40d3a94dd357abc196
  UMAppLoader: 21af63390e55c82e037fb9752d93114a80ecf16e
  UMCore: 2f671796d7439604a1cf8ac7bbe5809cd5c50437
  UMReactNativeAdapter: f808906d586a16cebdc3844d86e1bdb8f114a873
  UMTaskManagerInterface: 2be431101b73604e64fbfffcf759336f9d8fccbb
  Yoga: 7740b94929bbacbddda59bf115b5317e9a161598

PODFILE CHECKSUM: 3b951561b58b78c27cc30c02c3a15b5ffcaf703d

COCOAPODS: 1.10.1
